
Microsoft Visual Studio Solution File, Format Version 12.00
# Visual Studio 15
Project("{FAE04EC0-301F-11D3-BF4B-00C04F79EFBC}") = "Assembly-CSharp", "Assembly-CSharp.csproj", "{3F372D82-F6D9-E161-8C05-66D64F241ED8}"
EndProject
Project("{FAE04EC0-301F-11D3-BF4B-00C04F79EFBC}") = "Assembly-CSharp-Editor", "Assembly-CSharp-Editor.csproj", "{74D6A6AD-8893-1EE9-98E7-F8D281AAAF33}"
EndProject
Global
	GlobalSection(SolutionConfigurationPlatforms) = preSolution
		Debug|Any CPU = Debug|Any CPU
		Release|Any CPU = Release|Any CPU
	EndGlobalSection
	GlobalSection(ProjectConfigurationPlatforms) = postSolution
		{3F372D82-F6D9-E161-8C05-66D64F241ED8}.Debug|Any CPU.ActiveCfg = Debug|Any CPU
		{3F372D82-F6D9-E161-8C05-66D64F241ED8}.Debug|Any CPU.Build.0 = Debug|Any CPU
		{3F372D82-F6D9-E161-8C05-66D64F241ED8}.Release|Any CPU.ActiveCfg = Release|Any CPU
		{3F372D82-F6D9-E161-8C05-66D64F241ED8}.Release|Any CPU.Build.0 = Release|Any CPU
		{74D6A6AD-8893-1EE9-98E7-F8D281AAAF33}.Debug|Any CPU.ActiveCfg = Debug|Any CPU
		{74D6A6AD-8893-1EE9-98E7-F8D281AAAF33}.Debug|Any CPU.Build.0 = Debug|Any CPU
		{74D6A6AD-8893-1EE9-98E7-F8D281AAAF33}.Release|Any CPU.ActiveCfg = Release|Any CPU
		{74D6A6AD-8893-1EE9-98E7-F8D281AAAF33}.Release|Any CPU.Build.0 = Release|Any CPU
	EndGlobalSection
	GlobalSection(SolutionProperties) = preSolution
		HideSolutionNode = FALSE
	EndGlobalSection
EndGlobal
